
Microsoft Visual Studio Solution File, Format Version 12.00
# Visual Studio Version 16
VisualStudioVersion = 16.0.29509.3
MinimumVisualStudioVersion = 10.0.40219.1
Project("{FAE04EC0-301F-11D3-BF4B-00C04F79EFBC}") = "Exercises", "Exercises\Exercises.csproj", "{4576AD76-B9B1-4B33-994D-5063A00769F8}"
EndProject
Project("{FAE04EC0-301F-11D3-BF4B-00C04F79EFBC}") = "Examples", "Examples\Examples.csproj", "{ACB6DD51-A8EB-45B2-99A8-4552936B9E2A}"
EndProject
Project("{FAE04EC0-301F-11D3-BF4B-00C04F79EFBC}") = "Test", "Test\Test.csproj", "{49462F6F-8B75-461E-89F5-4010FBB63082}"
EndProject
Global
	GlobalSection(SolutionConfigurationPlatforms) = preSolution
		Debug|Any CPU = Debug|Any CPU
		Release|Any CPU = Release|Any CPU
	EndGlobalSection
	GlobalSection(ProjectConfigurationPlatforms) = postSolution
		{4576AD76-B9B1-4B33-994D-5063A00769F8}.Debug|Any CPU.ActiveCfg = Debug|Any CPU
		{4576AD76-B9B1-4B33-994D-5063A00769F8}.Debug|Any CPU.Build.0 = Debug|Any CPU
		{4576AD76-B9B1-4B33-994D-5063A00769F8}.Release|Any CPU.ActiveCfg = Release|Any CPU
		{4576AD76-B9B1-4B33-994D-5063A00769F8}.Release|Any CPU.Build.0 = Release|Any CPU
		{ACB6DD51-A8EB-45B2-99A8-4552936B9E2A}.Debug|Any CPU.ActiveCfg = Debug|Any CPU
		{ACB6DD51-A8EB-45B2-99A8-4552936B9E2A}.Debug|Any CPU.Build.0 = Debug|Any CPU
		{ACB6DD51-A8EB-45B2-99A8-4552936B9E2A}.Release|Any CPU.ActiveCfg = Release|Any CPU
		{ACB6DD51-A8EB-45B2-99A8-4552936B9E2A}.Release|Any CPU.Build.0 = Release|Any CPU
		{49462F6F-8B75-461E-89F5-4010FBB63082}.Debug|Any CPU.ActiveCfg = Debug|Any CPU
		{49462F6F-8B75-461E-89F5-4010FBB63082}.Debug|Any CPU.Build.0 = Debug|Any CPU
		{49462F6F-8B75-461E-89F5-4010FBB63082}.Release|Any CPU.ActiveCfg = Release|Any CPU
		{49462F6F-8B75-461E-89F5-4010FBB63082}.Release|Any CPU.Build.0 = Release|Any CPU
	EndGlobalSection
	GlobalSection(SolutionProperties) = preSolution
		HideSolutionNode = FALSE
	EndGlobalSection
	GlobalSection(ExtensibilityGlobals) = postSolution
		SolutionGuid = {EF403240-7427-4348-BE06-24EDD5B1661A}
	EndGlobalSection
EndGlobal
