
Microsoft Visual Studio Solution File, Format Version 12.00
# Visual Studio Version 16
VisualStudioVersion = 16.0.30717.126
MinimumVisualStudioVersion = 10.0.40219.1
Project("{8BC9CEB8-8B4A-11D0-8D11-00A0C91BC942}") = "Empty field", "Empty field\Empty field.vcxproj", "{77A99A4C-8396-4FEE-A4BF-86E7B0D93123}"
EndProject
Global
	GlobalSection(SolutionConfigurationPlatforms) = preSolution
		Debug|x64 = Debug|x64
		Debug|x86 = Debug|x86
		Release|x64 = Release|x64
		Release|x86 = Release|x86
	EndGlobalSection
	GlobalSection(ProjectConfigurationPlatforms) = postSolution
		{77A99A4C-8396-4FEE-A4BF-86E7B0D93123}.Debug|x64.ActiveCfg = Debug|x64
		{77A99A4C-8396-4FEE-A4BF-86E7B0D93123}.Debug|x64.Build.0 = Debug|x64
		{77A99A4C-8396-4FEE-A4BF-86E7B0D93123}.Debug|x86.ActiveCfg = Debug|Win32
		{77A99A4C-8396-4FEE-A4BF-86E7B0D93123}.Debug|x86.Build.0 = Debug|Win32
		{77A99A4C-8396-4FEE-A4BF-86E7B0D93123}.Release|x64.ActiveCfg = Release|x64
		{77A99A4C-8396-4FEE-A4BF-86E7B0D93123}.Release|x64.Build.0 = Release|x64
		{77A99A4C-8396-4FEE-A4BF-86E7B0D93123}.Release|x86.ActiveCfg = Release|Win32
		{77A99A4C-8396-4FEE-A4BF-86E7B0D93123}.Release|x86.Build.0 = Release|Win32
	EndGlobalSection
	GlobalSection(SolutionProperties) = preSolution
		HideSolutionNode = FALSE
	EndGlobalSection
	GlobalSection(ExtensibilityGlobals) = postSolution
		SolutionGuid = {57D4F926-285C-468E-BC94-15CF55612078}
	EndGlobalSection
EndGlobal
